
Microsoft Visual Studio Solution File, Format Version 12.00
# Visual Studio 14
VisualStudioVersion = 14.0.24720.0
MinimumVisualStudioVersion = 10.0.40219.1
Project("{FAE04EC0-301F-11D3-BF4B-00C04F79EFBC}") = "Jupiter1.Network.Tests", "Jupiter1.Network.Tests\Jupiter1.Network.Tests.csproj", "{234A2643-89CA-4729-9208-352CB7883C88}"
EndProject
Project("{FAE04EC0-301F-11D3-BF4B-00C04F79EFBC}") = "Jupiter1.Network.Core", "Jupiter1.Network.Core\Jupiter1.Network.Core.csproj", "{E65A0F35-9BBA-43E0-AD6C-1E9B8B150BD5}"
EndProject
Project("{FAE04EC0-301F-11D3-BF4B-00C04F79EFBC}") = "Jupiter1.Network.Core.Tests", "Jupiter1.Network.Core.Tests\Jupiter1.Network.Core.Tests.csproj", "{BC74922A-2696-4FD1-8958-3A67670218BA}"
EndProject
Project("{FAE04EC0-301F-11D3-BF4B-00C04F79EFBC}") = "Jupiter1.Network.Server", "Jupiter1.Network.Server\Jupiter1.Network.Server.csproj", "{5C4E04FE-A3F7-4A4A-B4E7-4000034F1B1D}"
EndProject
Project("{FAE04EC0-301F-11D3-BF4B-00C04F79EFBC}") = "Jupiter1.Network.Client", "Jupiter1.Network.Client\Jupiter1.Network.Client.csproj", "{155B6F7A-A47A-4AFB-A547-525E9C2DE000}"
EndProject
Project("{FAE04EC0-301F-11D3-BF4B-00C04F79EFBC}") = "Jupiter1.Network.Common", "Jupiter1.Network.Common\Jupiter1.Network.Common.csproj", "{7DEF93C3-31F7-4CD2-A21E-DE984D015DD4}"
EndProject
Project("{FAE04EC0-301F-11D3-BF4B-00C04F79EFBC}") = "Jupiter1.Network.Server.Console", "Jupiter1.Network.Server.Console\Jupiter1.Network.Server.Console.csproj", "{BBF8C607-FE81-4CDA-9A50-475080F8D8F0}"
EndProject
Global
	GlobalSection(SolutionConfigurationPlatforms) = preSolution
		Debug|Any CPU = Debug|Any CPU
		Release|Any CPU = Release|Any CPU
	EndGlobalSection
	GlobalSection(ProjectConfigurationPlatforms) = postSolution
		{234A2643-89CA-4729-9208-352CB7883C88}.Debug|Any CPU.ActiveCfg = Debug|Any CPU
		{234A2643-89CA-4729-9208-352CB7883C88}.Debug|Any CPU.Build.0 = Debug|Any CPU
		{234A2643-89CA-4729-9208-352CB7883C88}.Release|Any CPU.ActiveCfg = Release|Any CPU
		{234A2643-89CA-4729-9208-352CB7883C88}.Release|Any CPU.Build.0 = Release|Any CPU
		{E65A0F35-9BBA-43E0-AD6C-1E9B8B150BD5}.Debug|Any CPU.ActiveCfg = Debug|Any CPU
		{E65A0F35-9BBA-43E0-AD6C-1E9B8B150BD5}.Debug|Any CPU.Build.0 = Debug|Any CPU
		{E65A0F35-9BBA-43E0-AD6C-1E9B8B150BD5}.Release|Any CPU.ActiveCfg = Release|Any CPU
		{E65A0F35-9BBA-43E0-AD6C-1E9B8B150BD5}.Release|Any CPU.Build.0 = Release|Any CPU
		{BC74922A-2696-4FD1-8958-3A67670218BA}.Debug|Any CPU.ActiveCfg = Debug|Any CPU
		{BC74922A-2696-4FD1-8958-3A67670218BA}.Debug|Any CPU.Build.0 = Debug|Any CPU
		{BC74922A-2696-4FD1-8958-3A67670218BA}.Release|Any CPU.ActiveCfg = Release|Any CPU
		{BC74922A-2696-4FD1-8958-3A67670218BA}.Release|Any CPU.Build.0 = Release|Any CPU
		{5C4E04FE-A3F7-4A4A-B4E7-4000034F1B1D}.Debug|Any CPU.ActiveCfg = Debug|Any CPU
		{5C4E04FE-A3F7-4A4A-B4E7-4000034F1B1D}.Debug|Any CPU.Build.0 = Debug|Any CPU
		{5C4E04FE-A3F7-4A4A-B4E7-4000034F1B1D}.Release|Any CPU.ActiveCfg = Release|Any CPU
		{5C4E04FE-A3F7-4A4A-B4E7-4000034F1B1D}.Release|Any CPU.Build.0 = Release|Any CPU
		{155B6F7A-A47A-4AFB-A547-525E9C2DE000}.Debug|Any CPU.ActiveCfg = Debug|Any CPU
		{155B6F7A-A47A-4AFB-A547-525E9C2DE000}.Debug|Any CPU.Build.0 = Debug|Any CPU
		{155B6F7A-A47A-4AFB-A547-525E9C2DE000}.Release|Any CPU.ActiveCfg = Release|Any CPU
		{155B6F7A-A47A-4AFB-A547-525E9C2DE000}.Release|Any CPU.Build.0 = Release|Any CPU
		{7DEF93C3-31F7-4CD2-A21E-DE984D015DD4}.Debug|Any CPU.ActiveCfg = Debug|Any CPU
		{7DEF93C3-31F7-4CD2-A21E-DE984D015DD4}.Debug|Any CPU.Build.0 = Debug|Any CPU
		{7DEF93C3-31F7-4CD2-A21E-DE984D015DD4}.Release|Any CPU.ActiveCfg = Release|Any CPU
		{7DEF93C3-31F7-4CD2-A21E-DE984D015DD4}.Release|Any CPU.Build.0 = Release|Any CPU
		{BBF8C607-FE81-4CDA-9A50-475080F8D8F0}.Debug|Any CPU.ActiveCfg = Debug|Any CPU
		{BBF8C607-FE81-4CDA-9A50-475080F8D8F0}.Debug|Any CPU.Build.0 = Debug|Any CPU
		{BBF8C607-FE81-4CDA-9A50-475080F8D8F0}.Release|Any CPU.ActiveCfg = Release|Any CPU
		{BBF8C607-FE81-4CDA-9A50-475080F8D8F0}.Release|Any CPU.Build.0 = Release|Any CPU
	EndGlobalSection
	GlobalSection(SolutionProperties) = preSolution
		HideSolutionNode = FALSE
	EndGlobalSection
EndGlobal
